
Microsoft Visual Studio Solution File, Format Version 12.00
# Visual Studio Version 17
VisualStudioVersion = 17.9.34622.214
MinimumVisualStudioVersion = 10.0.40219.1
Project("{FAE04EC0-301F-11D3-BF4B-00C04F79EFBC}") = "Cosmares", "Cosmares.csproj", "{9575D161-5D7E-405D-9C0F-205CB3068D2D}"
EndProject
Global
	GlobalSection(SolutionConfigurationPlatforms) = preSolution
		Debug|Any CPU = Debug|Any CPU
		Release|Any CPU = Release|Any CPU
	EndGlobalSection
	GlobalSection(ProjectConfigurationPlatforms) = postSolution
		{9575D161-5D7E-405D-9C0F-205CB3068D2D}.Debug|Any CPU.ActiveCfg = Debug|Any CPU
		{9575D161-5D7E-405D-9C0F-205CB3068D2D}.Debug|Any CPU.Build.0 = Debug|Any CPU
		{9575D161-5D7E-405D-9C0F-205CB3068D2D}.Release|Any CPU.ActiveCfg = Release|Any CPU
		{9575D161-5D7E-405D-9C0F-205CB3068D2D}.Release|Any CPU.Build.0 = Release|Any CPU
	EndGlobalSection
	GlobalSection(SolutionProperties) = preSolution
		HideSolutionNode = FALSE
	EndGlobalSection
	GlobalSection(ExtensibilityGlobals) = postSolution
		SolutionGuid = {55EBD2C7-6CAC-4305-8A59-4278C1CB0199}
	EndGlobalSection
EndGlobal
